
Microsoft Visual Studio Solution File, Format Version 12.00
# Visual Studio Version 17
VisualStudioVersion = 17.7.33808.371
MinimumVisualStudioVersion = 10.0.40219.1
Project("{9A19103F-16F7-4668-BE54-9A1E7A4F7556}") = "UCG.siteTRAXLite", "UCG.siteTRAXLite\UCG.siteTRAXLite.csproj", "{E2732554-DD4B-4842-96CB-544FC0F75F41}"
EndProject
Project("{9A19103F-16F7-4668-BE54-9A1E7A4F7556}") = "UCG.siteTRAXLite.Common", "UCG.siteTRAXLite.Common\UCG.siteTRAXLite.Common.csproj", "{F48D0CFA-F4AA-4FBD-A711-C3B031E524C1}"
EndProject
Project("{2150E333-8FDC-42A3-9474-1A3956D46DE8}") = "BL", "BL", "{D66A22B2-E96A-4F28-8352-4644D7536C71}"
EndProject
Project("{2150E333-8FDC-42A3-9474-1A3956D46DE8}") = "DAL", "DAL", "{1E65EA70-6F13-41B9-A92E-C47C5CD8062D}"
EndProject
Project("{9A19103F-16F7-4668-BE54-9A1E7A4F7556}") = "UCG.siteTRAXLite.Entities", "UCG.siteTRAXLite.Entities\UCG.siteTRAXLite.Entities.csproj", "{689D8A15-EA36-47BA-B7EC-7186B5F73DA5}"
EndProject
Project("{9A19103F-16F7-4668-BE54-9A1E7A4F7556}") = "UCG.siteTRAXLite.Managers", "UCG.siteTRAXLite.Managers\UCG.siteTRAXLite.Managers.csproj", "{97779D93-5BA6-4193-9C42-B96D5D763DC4}"
EndProject
Project("{9A19103F-16F7-4668-BE54-9A1E7A4F7556}") = "UCG.siteTRAXLite.DataContracts", "UCG.siteTRAXLite.DataContracts\UCG.siteTRAXLite.DataContracts.csproj", "{FA72C5FD-9396-465D-A218-FFE545B21804}"
EndProject
Project("{9A19103F-16F7-4668-BE54-9A1E7A4F7556}") = "UCG.siteTRAXLite.WebServices", "UCG.siteTRAXLite.WebServices\UCG.siteTRAXLite.WebServices.csproj", "{F137312A-7488-40F3-910F-ABC759644D92}"
EndProject
Project("{9A19103F-16F7-4668-BE54-9A1E7A4F7556}") = "UCG.siteTRAXLite.Repositories", "UCG.siteTRAXLite.Repositories\UCG.siteTRAXLite.Repositories.csproj", "{B0E9F60A-7F04-423D-A404-93D60EA27B54}"
EndProject
Project("{9A19103F-16F7-4668-BE54-9A1E7A4F7556}") = "UCG.siteTRAXLite.DataObjects", "UCG.siteTRAXLite.DataObjects\UCG.siteTRAXLite.DataObjects.csproj", "{E1BD1CF6-5E67-48C3-BD9A-D967A9327536}"
EndProject
Global
	GlobalSection(SolutionConfigurationPlatforms) = preSolution
		Debug|Any CPU = Debug|Any CPU
		Release|Any CPU = Release|Any CPU
	EndGlobalSection
	GlobalSection(ProjectConfigurationPlatforms) = postSolution
		{E2732554-DD4B-4842-96CB-544FC0F75F41}.Debug|Any CPU.ActiveCfg = Debug|Any CPU
		{E2732554-DD4B-4842-96CB-544FC0F75F41}.Debug|Any CPU.Build.0 = Debug|Any CPU
		{E2732554-DD4B-4842-96CB-544FC0F75F41}.Debug|Any CPU.Deploy.0 = Debug|Any CPU
		{E2732554-DD4B-4842-96CB-544FC0F75F41}.Release|Any CPU.ActiveCfg = Release|Any CPU
		{E2732554-DD4B-4842-96CB-544FC0F75F41}.Release|Any CPU.Build.0 = Release|Any CPU
		{E2732554-DD4B-4842-96CB-544FC0F75F41}.Release|Any CPU.Deploy.0 = Release|Any CPU
		{F48D0CFA-F4AA-4FBD-A711-C3B031E524C1}.Debug|Any CPU.ActiveCfg = Debug|Any CPU
		{F48D0CFA-F4AA-4FBD-A711-C3B031E524C1}.Debug|Any CPU.Build.0 = Debug|Any CPU
		{F48D0CFA-F4AA-4FBD-A711-C3B031E524C1}.Release|Any CPU.ActiveCfg = Release|Any CPU
		{F48D0CFA-F4AA-4FBD-A711-C3B031E524C1}.Release|Any CPU.Build.0 = Release|Any CPU
		{689D8A15-EA36-47BA-B7EC-7186B5F73DA5}.Debug|Any CPU.ActiveCfg = Debug|Any CPU
		{689D8A15-EA36-47BA-B7EC-7186B5F73DA5}.Debug|Any CPU.Build.0 = Debug|Any CPU
		{689D8A15-EA36-47BA-B7EC-7186B5F73DA5}.Release|Any CPU.ActiveCfg = Release|Any CPU
		{689D8A15-EA36-47BA-B7EC-7186B5F73DA5}.Release|Any CPU.Build.0 = Release|Any CPU
		{97779D93-5BA6-4193-9C42-B96D5D763DC4}.Debug|Any CPU.ActiveCfg = Debug|Any CPU
		{97779D93-5BA6-4193-9C42-B96D5D763DC4}.Debug|Any CPU.Build.0 = Debug|Any CPU
		{97779D93-5BA6-4193-9C42-B96D5D763DC4}.Release|Any CPU.ActiveCfg = Release|Any CPU
		{97779D93-5BA6-4193-9C42-B96D5D763DC4}.Release|Any CPU.Build.0 = Release|Any CPU
		{FA72C5FD-9396-465D-A218-FFE545B21804}.Debug|Any CPU.ActiveCfg = Debug|Any CPU
		{FA72C5FD-9396-465D-A218-FFE545B21804}.Debug|Any CPU.Build.0 = Debug|Any CPU
		{FA72C5FD-9396-465D-A218-FFE545B21804}.Release|Any CPU.ActiveCfg = Release|Any CPU
		{FA72C5FD-9396-465D-A218-FFE545B21804}.Release|Any CPU.Build.0 = Release|Any CPU
		{F137312A-7488-40F3-910F-ABC759644D92}.Debug|Any CPU.ActiveCfg = Debug|Any CPU
		{F137312A-7488-40F3-910F-ABC759644D92}.Debug|Any CPU.Build.0 = Debug|Any CPU
		{F137312A-7488-40F3-910F-ABC759644D92}.Release|Any CPU.ActiveCfg = Release|Any CPU
		{F137312A-7488-40F3-910F-ABC759644D92}.Release|Any CPU.Build.0 = Release|Any CPU
		{B0E9F60A-7F04-423D-A404-93D60EA27B54}.Debug|Any CPU.ActiveCfg = Debug|Any CPU
		{B0E9F60A-7F04-423D-A404-93D60EA27B54}.Debug|Any CPU.Build.0 = Debug|Any CPU
		{B0E9F60A-7F04-423D-A404-93D60EA27B54}.Release|Any CPU.ActiveCfg = Release|Any CPU
		{B0E9F60A-7F04-423D-A404-93D60EA27B54}.Release|Any CPU.Build.0 = Release|Any CPU
		{E1BD1CF6-5E67-48C3-BD9A-D967A9327536}.Debug|Any CPU.ActiveCfg = Debug|Any CPU
		{E1BD1CF6-5E67-48C3-BD9A-D967A9327536}.Debug|Any CPU.Build.0 = Debug|Any CPU
		{E1BD1CF6-5E67-48C3-BD9A-D967A9327536}.Release|Any CPU.ActiveCfg = Release|Any CPU
		{E1BD1CF6-5E67-48C3-BD9A-D967A9327536}.Release|Any CPU.Build.0 = Release|Any CPU
	EndGlobalSection
	GlobalSection(SolutionProperties) = preSolution
		HideSolutionNode = FALSE
	EndGlobalSection
	GlobalSection(NestedProjects) = preSolution
		{689D8A15-EA36-47BA-B7EC-7186B5F73DA5} = {D66A22B2-E96A-4F28-8352-4644D7536C71}
		{97779D93-5BA6-4193-9C42-B96D5D763DC4} = {D66A22B2-E96A-4F28-8352-4644D7536C71}
		{FA72C5FD-9396-465D-A218-FFE545B21804} = {1E65EA70-6F13-41B9-A92E-C47C5CD8062D}
		{F137312A-7488-40F3-910F-ABC759644D92} = {1E65EA70-6F13-41B9-A92E-C47C5CD8062D}
		{B0E9F60A-7F04-423D-A404-93D60EA27B54} = {1E65EA70-6F13-41B9-A92E-C47C5CD8062D}
		{E1BD1CF6-5E67-48C3-BD9A-D967A9327536} = {1E65EA70-6F13-41B9-A92E-C47C5CD8062D}
	EndGlobalSection
	GlobalSection(ExtensibilityGlobals) = postSolution
		SolutionGuid = {999E7D48-E2E8-4805-B2D0-913BDC821AE2}
	EndGlobalSection
EndGlobal
